
Microsoft Visual Studio Solution File, Format Version 11.00
# Visual C++ Express 2010
Project("{8BC9CEB8-8B4A-11D0-8D11-00A0C91BC942}") = "IrrOdEditExample", "IrrOdEditExample.vcxproj", "{BEB6EE01-0398-4F16-BDA3-1B45FBD3451C}"
EndProject
Project("{8BC9CEB8-8B4A-11D0-8D11-00A0C91BC942}") = "libIrrOde", "libIrrOde.vcxproj", "{FBB28A58-926F-4137-824A-D4EF514EFEAC}"
EndProject
Project("{8BC9CEB8-8B4A-11D0-8D11-00A0C91BC942}") = "IrrOdeTestbed", "IrrOdeTestbed.vcxproj", "{33AA4514-63C8-40BF-AD47-D401A49795BF}"
EndProject
Global
	GlobalSection(SolutionConfigurationPlatforms) = preSolution
		Debug|Win32 = Debug|Win32
		Release|Win32 = Release|Win32
	EndGlobalSection
	GlobalSection(ProjectConfigurationPlatforms) = postSolution
		{BEB6EE01-0398-4F16-BDA3-1B45FBD3451C}.Debug|Win32.ActiveCfg = Debug|Win32
		{BEB6EE01-0398-4F16-BDA3-1B45FBD3451C}.Debug|Win32.Build.0 = Debug|Win32
		{BEB6EE01-0398-4F16-BDA3-1B45FBD3451C}.Release|Win32.ActiveCfg = Release|Win32
		{BEB6EE01-0398-4F16-BDA3-1B45FBD3451C}.Release|Win32.Build.0 = Release|Win32
		{FBB28A58-926F-4137-824A-D4EF514EFEAC}.Debug|Win32.ActiveCfg = Debug|Win32
		{FBB28A58-926F-4137-824A-D4EF514EFEAC}.Debug|Win32.Build.0 = Debug|Win32
		{FBB28A58-926F-4137-824A-D4EF514EFEAC}.Release|Win32.ActiveCfg = Release|Win32
		{FBB28A58-926F-4137-824A-D4EF514EFEAC}.Release|Win32.Build.0 = Release|Win32
		{33AA4514-63C8-40BF-AD47-D401A49795BF}.Debug|Win32.ActiveCfg = Debug|Win32
		{33AA4514-63C8-40BF-AD47-D401A49795BF}.Debug|Win32.Build.0 = Debug|Win32
		{33AA4514-63C8-40BF-AD47-D401A49795BF}.Release|Win32.ActiveCfg = Release|Win32
		{33AA4514-63C8-40BF-AD47-D401A49795BF}.Release|Win32.Build.0 = Release|Win32
	EndGlobalSection
	GlobalSection(SolutionProperties) = preSolution
		HideSolutionNode = FALSE
	EndGlobalSection
EndGlobal
